// !$*UTF8*$!
{
	archiveVersion = 1;
	classes = {
	};
	objectVersion = 50;
	objects = {

/* Begin PBXBuildFile section */
		A60F694A245899DC008A9025 /* Endpoint.swift in Sources */ = {isa = PBXBuildFile; fileRef = A60F6949245899DC008A9025 /* Endpoint.swift */; };
		A60F694C24589AD5008A9025 /* PollenPageView.swift in Sources */ = {isa = PBXBuildFile; fileRef = A60F694B24589AD5008A9025 /* PollenPageView.swift */; };
		A60F694E2458A8BD008A9025 /* PollenView.swift in Sources */ = {isa = PBXBuildFile; fileRef = A60F694D2458A8BD008A9025 /* PollenView.swift */; };
		A60F69502458A8CC008A9025 /* PollenInformationView.swift in Sources */ = {isa = PBXBuildFile; fileRef = A60F694F2458A8CC008A9025 /* PollenInformationView.swift */; };
		A60F69532458BDC5008A9025 /* PageViewController.swift in Sources */ = {isa = PBXBuildFile; fileRef = A60F69522458BDC5008A9025 /* PageViewController.swift */; };
		A60F69552458BDCB008A9025 /* PageView.swift in Sources */ = {isa = PBXBuildFile; fileRef = A60F69542458BDCB008A9025 /* PageView.swift */; };
		A6179A0F2457309C0028AD18 /* AppDelegate.swift in Sources */ = {isa = PBXBuildFile; fileRef = A6179A0E2457309C0028AD18 /* AppDelegate.swift */; };
		A6179A112457309C0028AD18 /* SceneDelegate.swift in Sources */ = {isa = PBXBuildFile; fileRef = A6179A102457309C0028AD18 /* SceneDelegate.swift */; };
		A6179A142457309C0028AD18 /* Pollen.xcdatamodeld in Sources */ = {isa = PBXBuildFile; fileRef = A6179A122457309C0028AD18 /* Pollen.xcdatamodeld */; };
		A6179A162457309C0028AD18 /* ContentView.swift in Sources */ = {isa = PBXBuildFile; fileRef = A6179A152457309C0028AD18 /* ContentView.swift */; };
		A6179A182457309D0028AD18 /* Assets.xcassets in Resources */ = {isa = PBXBuildFile; fileRef = A6179A172457309D0028AD18 /* Assets.xcassets */; };
		A6179A1B2457309D0028AD18 /* Preview Assets.xcassets in Resources */ = {isa = PBXBuildFile; fileRef = A6179A1A2457309D0028AD18 /* Preview Assets.xcassets */; };
		A6179A1E2457309D0028AD18 /* LaunchScreen.storyboard in Resources */ = {isa = PBXBuildFile; fileRef = A6179A1C2457309D0028AD18 /* LaunchScreen.storyboard */; };
		A6179A2A2457332D0028AD18 /* NetworkManager.swift in Sources */ = {isa = PBXBuildFile; fileRef = A6179A292457332D0028AD18 /* NetworkManager.swift */; };
		A6179A2C245746B50028AD18 /* AccuWeatherAPIClient.swift in Sources */ = {isa = PBXBuildFile; fileRef = A6179A2B245746B50028AD18 /* AccuWeatherAPIClient.swift */; };
		A6179A30245751D00028AD18 /* WeatherModel.swift in Sources */ = {isa = PBXBuildFile; fileRef = A6179A2F245751D00028AD18 /* WeatherModel.swift */; };
		A6179A32245754050028AD18 /* PollenModel.swift in Sources */ = {isa = PBXBuildFile; fileRef = A6179A31245754050028AD18 /* PollenModel.swift */; };
/* End PBXBuildFile section */

/* Begin PBXFileReference section */
		A60F6949245899DC008A9025 /* Endpoint.swift */ = {isa = PBXFileReference; lastKnownFileType = sourcecode.swift; path = Endpoint.swift; sourceTree = "<group>"; };
		A60F694B24589AD5008A9025 /* PollenPageView.swift */ = {isa = PBXFileReference; lastKnownFileType = sourcecode.swift; path = PollenPageView.swift; sourceTree = "<group>"; };
		A60F694D2458A8BD008A9025 /* PollenView.swift */ = {isa = PBXFileReference; lastKnownFileType = sourcecode.swift; path = PollenView.swift; sourceTree = "<group>"; };
		A60F694F2458A8CC008A9025 /* PollenInformationView.swift */ = {isa = PBXFileReference; lastKnownFileType = sourcecode.swift; path = PollenInformationView.swift; sourceTree = "<group>"; };
		A60F69522458BDC5008A9025 /* PageViewController.swift */ = {isa = PBXFileReference; lastKnownFileType = sourcecode.swift; path = PageViewController.swift; sourceTree = "<group>"; };
		A60F69542458BDCB008A9025 /* PageView.swift */ = {isa = PBXFileReference; lastKnownFileType = sourcecode.swift; path = PageView.swift; sourceTree = "<group>"; };
		A60F69562458BE93008A9025 /* Pollen.entitlements */ = {isa = PBXFileReference; lastKnownFileType = text.plist.entitlements; path = Pollen.entitlements; sourceTree = "<group>"; };
		A6179A0B2457309C0028AD18 /* Pollen.app */ = {isa = PBXFileReference; explicitFileType = wrapper.application; includeInIndex = 0; path = Pollen.app; sourceTree = BUILT_PRODUCTS_DIR; };
		A6179A0E2457309C0028AD18 /* AppDelegate.swift */ = {isa = PBXFileReference; lastKnownFileType = sourcecode.swift; path = AppDelegate.swift; sourceTree = "<group>"; };
		A6179A102457309C0028AD18 /* SceneDelegate.swift */ = {isa = PBXFileReference; lastKnownFileType = sourcecode.swift; path = SceneDelegate.swift; sourceTree = "<group>"; };
		A6179A132457309C0028AD18 /* Pollen.xcdatamodel */ = {isa = PBXFileReference; lastKnownFileType = wrapper.xcdatamodel; path = Pollen.xcdatamodel; sourceTree = "<group>"; };
		A6179A152457309C0028AD18 /* ContentView.swift */ = {isa = PBXFileReference; lastKnownFileType = sourcecode.swift; path = ContentView.swift; sourceTree = "<group>"; };
		A6179A172457309D0028AD18 /* Assets.xcassets */ = {isa = PBXFileReference; lastKnownFileType = folder.assetcatalog; path = Assets.xcassets; sourceTree = "<group>"; };
		A6179A1A2457309D0028AD18 /* Preview Assets.xcassets */ = {isa = PBXFileReference; lastKnownFileType = folder.assetcatalog; path = "Preview Assets.xcassets"; sourceTree = "<group>"; };
		A6179A1D2457309D0028AD18 /* Base */ = {isa = PBXFileReference; lastKnownFileType = file.storyboard; name = Base; path = Base.lproj/LaunchScreen.storyboard; sourceTree = "<group>"; };
		A6179A1F2457309D0028AD18 /* Info.plist */ = {isa = PBXFileReference; lastKnownFileType = text.plist.xml; path = Info.plist; sourceTree = "<group>"; };
		A6179A292457332D0028AD18 /* NetworkManager.swift */ = {isa = PBXFileReference; lastKnownFileType = sourcecode.swift; path = NetworkManager.swift; sourceTree = "<group>"; };
		A6179A2B245746B50028AD18 /* AccuWeatherAPIClient.swift */ = {isa = PBXFileReference; lastKnownFileType = sourcecode.swift; path = AccuWeatherAPIClient.swift; sourceTree = "<group>"; };
		A6179A2F245751D00028AD18 /* WeatherModel.swift */ = {isa = PBXFileReference; lastKnownFileType = sourcecode.swift; path = WeatherModel.swift; sourceTree = "<group>"; };
		A6179A31245754050028AD18 /* PollenModel.swift */ = {isa = PBXFileReference; lastKnownFileType = sourcecode.swift; path = PollenModel.swift; sourceTree = "<group>"; };
/* End PBXFileReference section */

/* Begin PBXFrameworksBuildPhase section */
		A6179A082457309C0028AD18 /* Frameworks */ = {
			isa = PBXFrameworksBuildPhase;
			buildActionMask = 2147483647;
			files = (
			);
			runOnlyForDeploymentPostprocessing = 0;
		};
/* End PBXFrameworksBuildPhase section */

/* Begin PBXGroup section */
		A60F69512458BD9B008A9025 /* Pages */ = {
			isa = PBXGroup;
			children = (
				A60F69542458BDCB008A9025 /* PageView.swift */,
				A60F69522458BDC5008A9025 /* PageViewController.swift */,
			);
			path = Pages;
			sourceTree = "<group>";
		};
		A6179A022457309C0028AD18 = {
			isa = PBXGroup;
			children = (
				A6179A0D2457309C0028AD18 /* Pollen */,
				A6179A0C2457309C0028AD18 /* Products */,
			);
			sourceTree = "<group>";
		};
		A6179A0C2457309C0028AD18 /* Products */ = {
			isa = PBXGroup;
			children = (
				A6179A0B2457309C0028AD18 /* Pollen.app */,
			);
			name = Products;
			sourceTree = "<group>";
		};
		A6179A0D2457309C0028AD18 /* Pollen */ = {
			isa = PBXGroup;
			children = (
				A60F69562458BE93008A9025 /* Pollen.entitlements */,
				A6179A0E2457309C0028AD18 /* AppDelegate.swift */,
				A6179A102457309C0028AD18 /* SceneDelegate.swift */,
				A6179A25245730B70028AD18 /* Views */,
				A60F69512458BD9B008A9025 /* Pages */,
				A6179A27245730CD0028AD18 /* ViewModel */,
				A6179A28245730D90028AD18 /* Model */,
				A6179A26245730C10028AD18 /* Networking */,
				A6179A172457309D0028AD18 /* Assets.xcassets */,
				A6179A1C2457309D0028AD18 /* LaunchScreen.storyboard */,
				A6179A1F2457309D0028AD18 /* Info.plist */,
				A6179A122457309C0028AD18 /* Pollen.xcdatamodeld */,
				A6179A192457309D0028AD18 /* Preview Content */,
			);
			path = Pollen;
			sourceTree = "<group>";
		};
		A6179A192457309D0028AD18 /* Preview Content */ = {
			isa = PBXGroup;
			children = (
				A6179A1A2457309D0028AD18 /* Preview Assets.xcassets */,
			);
			path = "Preview Content";
			sourceTree = "<group>";
		};
		A6179A25245730B70028AD18 /* Views */ = {
			isa = PBXGroup;
			children = (
				A6179A152457309C0028AD18 /* ContentView.swift */,
				A60F694B24589AD5008A9025 /* PollenPageView.swift */,
				A60F694D2458A8BD008A9025 /* PollenView.swift */,
				A60F694F2458A8CC008A9025 /* PollenInformationView.swift */,
			);
			path = Views;
			sourceTree = "<group>";
		};
		A6179A26245730C10028AD18 /* Networking */ = {
			isa = PBXGroup;
			children = (
				A6179A292457332D0028AD18 /* NetworkManager.swift */,
				A6179A2B245746B50028AD18 /* AccuWeatherAPIClient.swift */,
				A60F6949245899DC008A9025 /* Endpoint.swift */,
			);
			path = Networking;
			sourceTree = "<group>";
		};
		A6179A27245730CD0028AD18 /* ViewModel */ = {
			isa = PBXGroup;
			children = (
			);
			path = ViewModel;
			sourceTree = "<group>";
		};
		A6179A28245730D90028AD18 /* Model */ = {
			isa = PBXGroup;
			children = (
				A6179A31245754050028AD18 /* PollenModel.swift */,
				A6179A2F245751D00028AD18 /* WeatherModel.swift */,
			);
			path = Model;
			sourceTree = "<group>";
		};
/* End PBXGroup section */

/* Begin PBXNativeTarget section */
		A6179A0A2457309C0028AD18 /* Pollen */ = {
			isa = PBXNativeTarget;
			buildConfigurationList = A6179A222457309D0028AD18 /* Build configuration list for PBXNativeTarget "Pollen" */;
			buildPhases = (
				A6179A072457309C0028AD18 /* Sources */,
				A6179A082457309C0028AD18 /* Frameworks */,
				A6179A092457309C0028AD18 /* Resources */,
			);
			buildRules = (
			);
			dependencies = (
			);
			name = Pollen;
			productName = Pollen;
			productReference = A6179A0B2457309C0028AD18 /* Pollen.app */;
			productType = "com.apple.product-type.application";
		};
/* End PBXNativeTarget section */

/* Begin PBXProject section */
		A6179A032457309C0028AD18 /* Project object */ = {
			isa = PBXProject;
			attributes = {
				LastSwiftUpdateCheck = 1140;
				LastUpgradeCheck = 1140;
				ORGANIZATIONNAME = "Joseph Kocis";
				TargetAttributes = {
					A6179A0A2457309C0028AD18 = {
						CreatedOnToolsVersion = 11.4.1;
					};
				};
			};
			buildConfigurationList = A6179A062457309C0028AD18 /* Build configuration list for PBXProject "Pollen" */;
			compatibilityVersion = "Xcode 9.3";
			developmentRegion = en;
			hasScannedForEncodings = 0;
			knownRegions = (
				en,
				Base,
			);
			mainGroup = A6179A022457309C0028AD18;
			productRefGroup = A6179A0C2457309C0028AD18 /* Products */;
			projectDirPath = "";
			projectRoot = "";
			targets = (
				A6179A0A2457309C0028AD18 /* Pollen */,
			);
		};
/* End PBXProject section */

/* Begin PBXResourcesBuildPhase section */
		A6179A092457309C0028AD18 /* Resources */ = {
			isa = PBXResourcesBuildPhase;
			buildActionMask = 2147483647;
			files = (
				A6179A1E2457309D0028AD18 /* LaunchScreen.storyboard in Resources */,
				A6179A1B2457309D0028AD18 /* Preview Assets.xcassets in Resources */,
				A6179A182457309D0028AD18 /* Assets.xcassets in Resources */,
			);
			runOnlyForDeploymentPostprocessing = 0;
		};
/* End PBXResourcesBuildPhase section */

/* Begin PBXSourcesBuildPhase section */
		A6179A072457309C0028AD18 /* Sources */ = {
			isa = PBXSourcesBuildPhase;
			buildActionMask = 2147483647;
			files = (
				A6179A2C245746B50028AD18 /* AccuWeatherAPIClient.swift in Sources */,
				A60F694A245899DC008A9025 /* Endpoint.swift in Sources */,
				A6179A0F2457309C0028AD18 /* AppDelegate.swift in Sources */,
				A60F694C24589AD5008A9025 /* PollenPageView.swift in Sources */,
				A6179A142457309C0028AD18 /* Pollen.xcdatamodeld in Sources */,
				A6179A2A2457332D0028AD18 /* NetworkManager.swift in Sources */,
				A60F694E2458A8BD008A9025 /* PollenView.swift in Sources */,
				A6179A32245754050028AD18 /* PollenModel.swift in Sources */,
				A6179A162457309C0028AD18 /* ContentView.swift in Sources */,
				A60F69502458A8CC008A9025 /* PollenInformationView.swift in Sources */,
				A60F69532458BDC5008A9025 /* PageViewController.swift in Sources */,
				A6179A30245751D00028AD18 /* WeatherModel.swift in Sources */,
				A6179A112457309C0028AD18 /* SceneDelegate.swift in Sources */,
				A60F69552458BDCB008A9025 /* PageView.swift in Sources */,
			);
			runOnlyForDeploymentPostprocessing = 0;
		};
/* End PBXSourcesBuildPhase section */

/* Begin PBXVariantGroup section */
		A6179A1C2457309D0028AD18 /* LaunchScreen.storyboard */ = {
			isa = PBXVariantGroup;
			children = (
				A6179A1D2457309D0028AD18 /* Base */,
			);
			name = LaunchScreen.storyboard;
			sourceTree = "<group>";
		};
/* End PBXVariantGroup section */

/* Begin XCBuildConfiguration section */
		A6179A202457309D0028AD18 /* Debug */ = {
			isa = XCBuildConfiguration;
			buildSettings = {
				ALWAYS_SEARCH_USER_PATHS = NO;
				CLANG_ANALYZER_NONNULL = YES;
				CLANG_ANALYZER_NUMBER_OBJECT_CONVERSION = YES_AGGRESSIVE;
				CLANG_CXX_LANGUAGE_STANDARD = "gnu++14";
				CLANG_CXX_LIBRARY = "libc++";
				CLANG_ENABLE_MODULES = YES;
				CLANG_ENABLE_OBJC_ARC = YES;
				CLANG_ENABLE_OBJC_WEAK = YES;
				CLANG_WARN_BLOCK_CAPTURE_AUTORELEASING = YES;
				CLANG_WARN_BOOL_CONVERSION = YES;
				CLANG_WARN_COMMA = YES;
				CLANG_WARN_CONSTANT_CONVERSION = YES;
				CLANG_WARN_DEPRECATED_OBJC_IMPLEMENTATIONS = YES;
				CLANG_WARN_DIRECT_OBJC_ISA_USAGE = YES_ERROR;
				CLANG_WARN_DOCUMENTATION_COMMENTS = YES;
				CLANG_WARN_EMPTY_BODY = YES;
				CLANG_WARN_ENUM_CONVERSION = YES;
				CLANG_WARN_INFINITE_RECURSION = YES;
				CLANG_WARN_INT_CONVERSION = YES;
				CLANG_WARN_NON_LITERAL_NULL_CONVERSION = YES;
				CLANG_WARN_OBJC_IMPLICIT_RETAIN_SELF = YES;
				CLANG_WARN_OBJC_LITERAL_CONVERSION = YES;
				CLANG_WARN_OBJC_ROOT_CLASS = YES_ERROR;
				CLANG_WARN_RANGE_LOOP_ANALYSIS = YES;
				CLANG_WARN_STRICT_PROTOTYPES = YES;
				CLANG_WARN_SUSPICIOUS_MOVE = YES;
				CLANG_WARN_UNGUARDED_AVAILABILITY = YES_AGGRESSIVE;
				CLANG_WARN_UNREACHABLE_CODE = YES;
				CLANG_WARN__DUPLICATE_METHOD_MATCH = YES;
				COPY_PHASE_STRIP = NO;
				DEBUG_INFORMATION_FORMAT = dwarf;
				ENABLE_STRICT_OBJC_MSGSEND = YES;
				ENABLE_TESTABILITY = YES;
				GCC_C_LANGUAGE_STANDARD = gnu11;
				GCC_DYNAMIC_NO_PIC = NO;
				GCC_NO_COMMON_BLOCKS = YES;
				GCC_OPTIMIZATION_LEVEL = 0;
				GCC_PREPROCESSOR_DEFINITIONS = (
					"DEBUG=1",
					"$(inherited)",
				);
				GCC_WARN_64_TO_32_BIT_CONVERSION = YES;
				GCC_WARN_ABOUT_RETURN_TYPE = YES_ERROR;
				GCC_WARN_UNDECLARED_SELECTOR = YES;
				GCC_WARN_UNINITIALIZED_AUTOS = YES_AGGRESSIVE;
				GCC_WARN_UNUSED_FUNCTION = YES;
				GCC_WARN_UNUSED_VARIABLE = YES;
				IPHONEOS_DEPLOYMENT_TARGET = 13.4;
				MTL_ENABLE_DEBUG_INFO = INCLUDE_SOURCE;
				MTL_FAST_MATH = YES;
				ONLY_ACTIVE_ARCH = YES;
				SDKROOT = iphoneos;
				SWIFT_ACTIVE_COMPILATION_CONDITIONS = DEBUG;
				SWIFT_OPTIMIZATION_LEVEL = "-Onone";
			};
			name = Debug;
		};
		A6179A212457309D0028AD18 /* Release */ = {
			isa = XCBuildConfiguration;
			buildSettings = {
				ALWAYS_SEARCH_USER_PATHS = NO;
				CLANG_ANALYZER_NONNULL = YES;
				CLANG_ANALYZER_NUMBER_OBJECT_CONVERSION = YES_AGGRESSIVE;
				CLANG_CXX_LANGUAGE_STANDARD = "gnu++14";
				CLANG_CXX_LIBRARY = "libc++";
				CLANG_ENABLE_MODULES = YES;
				CLANG_ENABLE_OBJC_ARC = YES;
				CLANG_ENABLE_OBJC_WEAK = YES;
				CLANG_WARN_BLOCK_CAPTURE_AUTORELEASING = YES;
				CLANG_WARN_BOOL_CONVERSION = YES;
				CLANG_WARN_COMMA = YES;
				CLANG_WARN_CONSTANT_CONVERSION = YES;
				CLANG_WARN_DEPRECATED_OBJC_IMPLEMENTATIONS = YES;
				CLANG_WARN_DIRECT_OBJC_ISA_USAGE = YES_ERROR;
				CLANG_WARN_DOCUMENTATION_COMMENTS = YES;
				CLANG_WARN_EMPTY_BODY = YES;
				CLANG_WARN_ENUM_CONVERSION = YES;
				CLANG_WARN_INFINITE_RECURSION = YES;
				CLANG_WARN_INT_CONVERSION = YES;
				CLANG_WARN_NON_LITERAL_NULL_CONVERSION = YES;
				CLANG_WARN_OBJC_IMPLICIT_RETAIN_SELF = YES;
				CLANG_WARN_OBJC_LITERAL_CONVERSION = YES;
				CLANG_WARN_OBJC_ROOT_CLASS = YES_ERROR;
				CLANG_WARN_RANGE_LOOP_ANALYSIS = YES;
				CLANG_WARN_STRICT_PROTOTYPES = YES;
				CLANG_WARN_SUSPICIOUS_MOVE = YES;
				CLANG_WARN_UNGUARDED_AVAILABILITY = YES_AGGRESSIVE;
				CLANG_WARN_UNREACHABLE_CODE = YES;
				CLANG_WARN__DUPLICATE_METHOD_MATCH = YES;
				COPY_PHASE_STRIP = NO;
				DEBUG_INFORMATION_FORMAT = "dwarf-with-dsym";
				ENABLE_NS_ASSERTIONS = NO;
				ENABLE_STRICT_OBJC_MSGSEND = YES;
				GCC_C_LANGUAGE_STANDARD = gnu11;
				GCC_NO_COMMON_BLOCKS = YES;
				GCC_WARN_64_TO_32_BIT_CONVERSION = YES;
				GCC_WARN_ABOUT_RETURN_TYPE = YES_ERROR;
				GCC_WARN_UNDECLARED_SELECTOR = YES;
				GCC_WARN_UNINITIALIZED_AUTOS = YES_AGGRESSIVE;
				GCC_WARN_UNUSED_FUNCTION = YES;
				GCC_WARN_UNUSED_VARIABLE = YES;
				IPHONEOS_DEPLOYMENT_TARGET = 13.4;
				MTL_ENABLE_DEBUG_INFO = NO;
				MTL_FAST_MATH = YES;
				SDKROOT = iphoneos;
				SWIFT_COMPILATION_MODE = wholemodule;
				SWIFT_OPTIMIZATION_LEVEL = "-O";
				VALIDATE_PRODUCT = YES;
			};
			name = Release;
		};
		A6179A232457309D0028AD18 /* Debug */ = {
			isa = XCBuildConfiguration;
			buildSettings = {
				ASSETCATALOG_COMPILER_APPICON_NAME = AppIcon;
				CODE_SIGN_ENTITLEMENTS = Pollen/Pollen.entitlements;
				CODE_SIGN_STYLE = Automatic;
				DEVELOPMENT_ASSET_PATHS = "\"Pollen/Preview Content\"";
				DEVELOPMENT_TEAM = 373ZY3MVGD;
				ENABLE_PREVIEWS = YES;
				INFOPLIST_FILE = Pollen/Info.plist;
				LD_RUNPATH_SEARCH_PATHS = (
					"$(inherited)",
					"@executable_path/Frameworks",
				);
				PRODUCT_BUNDLE_IDENTIFIER = com.JosephKocis.Pollen;
				PRODUCT_NAME = "$(TARGET_NAME)";
				SUPPORTS_MACCATALYST = YES;
				SWIFT_VERSION = 5.0;
				TARGETED_DEVICE_FAMILY = "1,2";
			};
			name = Debug;
		};
		A6179A242457309D0028AD18 /* Release */ = {
			isa = XCBuildConfiguration;
			buildSettings = {
				ASSETCATALOG_COMPILER_APPICON_NAME = AppIcon;
				CODE_SIGN_ENTITLEMENTS = Pollen/Pollen.entitlements;
				CODE_SIGN_STYLE = Automatic;
				DEVELOPMENT_ASSET_PATHS = "\"Pollen/Preview Content\"";
				DEVELOPMENT_TEAM = 373ZY3MVGD;
				ENABLE_PREVIEWS = YES;
				INFOPLIST_FILE = Pollen/Info.plist;
				LD_RUNPATH_SEARCH_PATHS = (
					"$(inherited)",
					"@executable_path/Frameworks",
				);
				PRODUCT_BUNDLE_IDENTIFIER = com.JosephKocis.Pollen;
				PRODUCT_NAME = "$(TARGET_NAME)";
				SUPPORTS_MACCATALYST = YES;
				SWIFT_VERSION = 5.0;
				TARGETED_DEVICE_FAMILY = "1,2";
			};
			name = Release;
		};
/* End XCBuildConfiguration section */

/* Begin XCConfigurationList section */
		A6179A062457309C0028AD18 /* Build configuration list for PBXProject "Pollen" */ = {
			isa = XCConfigurationList;
			buildConfigurations = (
				A6179A202457309D0028AD18 /* Debug */,
				A6179A212457309D0028AD18 /* Release */,
			);
			defaultConfigurationIsVisible = 0;
			defaultConfigurationName = Release;
		};
		A6179A222457309D0028AD18 /* Build configuration list for PBXNativeTarget "Pollen" */ = {
			isa = XCConfigurationList;
			buildConfigurations = (
				A6179A232457309D0028AD18 /* Debug */,
				A6179A242457309D0028AD18 /* Release */,
			);
			defaultConfigurationIsVisible = 0;
			defaultConfigurationName = Release;
		};
/* End XCConfigurationList section */

/* Begin XCVersionGroup section */
		A6179A122457309C0028AD18 /* Pollen.xcdatamodeld */ = {
			isa = XCVersionGroup;
			children = (
				A6179A132457309C0028AD18 /* Pollen.xcdatamodel */,
			);
			currentVersion = A6179A132457309C0028AD18 /* Pollen.xcdatamodel */;
			path = Pollen.xcdatamodeld;
			sourceTree = "<group>";
			versionGroupType = wrapper.xcdatamodel;
		};
/* End XCVersionGroup section */
	};
	rootObject = A6179A032457309C0028AD18 /* Project object */;
}
